
Microsoft Visual Studio Solution File, Format Version 12.00
# Visual Studio Version 17
VisualStudioVersion = 17.11.35327.3
MinimumVisualStudioVersion = 10.0.40219.1
Project("{9A19103F-16F7-4668-BE54-9A1E7A4F7556}") = "SmartLibraryManage", "SmartLibraryManage\SmartLibraryManage.csproj", "{653D2124-789E-4C71-84FF-E7D6DEED5B7F}"
EndProject
Project("{9A19103F-16F7-4668-BE54-9A1E7A4F7556}") = "UserLibrary", "UserLibrary\UserLibrary.csproj", "{C75AABD4-ED75-46D5-A0E5-89E2E1E3DA3B}"
EndProject
Project("{9A19103F-16F7-4668-BE54-9A1E7A4F7556}") = "Shared", "Shared\Shared.csproj", "{5A714EE5-ECF9-4518-ACAE-3DBCB7DEACF1}"
EndProject
Project("{9A19103F-16F7-4668-BE54-9A1E7A4F7556}") = "TestDB", "TestDB\TestDB.csproj", "{BC0CA1E6-FBBD-4877-967B-B742F3DC6D2F}"
EndProject
Global
	GlobalSection(SolutionConfigurationPlatforms) = preSolution
		Debug|Any CPU = Debug|Any CPU
		Release|Any CPU = Release|Any CPU
	EndGlobalSection
	GlobalSection(ProjectConfigurationPlatforms) = postSolution
		{653D2124-789E-4C71-84FF-E7D6DEED5B7F}.Debug|Any CPU.ActiveCfg = Debug|Any CPU
		{653D2124-789E-4C71-84FF-E7D6DEED5B7F}.Debug|Any CPU.Build.0 = Debug|Any CPU
		{653D2124-789E-4C71-84FF-E7D6DEED5B7F}.Release|Any CPU.ActiveCfg = Release|Any CPU
		{653D2124-789E-4C71-84FF-E7D6DEED5B7F}.Release|Any CPU.Build.0 = Release|Any CPU
		{C75AABD4-ED75-46D5-A0E5-89E2E1E3DA3B}.Debug|Any CPU.ActiveCfg = Debug|Any CPU
		{C75AABD4-ED75-46D5-A0E5-89E2E1E3DA3B}.Debug|Any CPU.Build.0 = Debug|Any CPU
		{C75AABD4-ED75-46D5-A0E5-89E2E1E3DA3B}.Release|Any CPU.ActiveCfg = Release|Any CPU
		{C75AABD4-ED75-46D5-A0E5-89E2E1E3DA3B}.Release|Any CPU.Build.0 = Release|Any CPU
		{5A714EE5-ECF9-4518-ACAE-3DBCB7DEACF1}.Debug|Any CPU.ActiveCfg = Debug|Any CPU
		{5A714EE5-ECF9-4518-ACAE-3DBCB7DEACF1}.Debug|Any CPU.Build.0 = Debug|Any CPU
		{5A714EE5-ECF9-4518-ACAE-3DBCB7DEACF1}.Release|Any CPU.ActiveCfg = Release|Any CPU
		{5A714EE5-ECF9-4518-ACAE-3DBCB7DEACF1}.Release|Any CPU.Build.0 = Release|Any CPU
		{BC0CA1E6-FBBD-4877-967B-B742F3DC6D2F}.Debug|Any CPU.ActiveCfg = Debug|Any CPU
		{BC0CA1E6-FBBD-4877-967B-B742F3DC6D2F}.Debug|Any CPU.Build.0 = Debug|Any CPU
		{BC0CA1E6-FBBD-4877-967B-B742F3DC6D2F}.Release|Any CPU.ActiveCfg = Release|Any CPU
		{BC0CA1E6-FBBD-4877-967B-B742F3DC6D2F}.Release|Any CPU.Build.0 = Release|Any CPU
	EndGlobalSection
	GlobalSection(SolutionProperties) = preSolution
		HideSolutionNode = FALSE
	EndGlobalSection
	GlobalSection(ExtensibilityGlobals) = postSolution
		SolutionGuid = {9949211D-AAAE-4D8C-92F1-9A1D8A410762}
	EndGlobalSection
EndGlobal
